
Microsoft Visual Studio Solution File, Format Version 12.00
# Visual Studio Version 17
VisualStudioVersion = 17.2.32505.173
MinimumVisualStudioVersion = 10.0.40219.1
Project("{9A19103F-16F7-4668-BE54-9A1E7A4F7556}") = "alloy-mvc", "alloy-mvc.csproj", "{296C8C7C-DC28-4008-BB82-F57CFBB54DEC}"
EndProject
Global
	GlobalSection(SolutionConfigurationPlatforms) = preSolution
		Debug|Any CPU = Debug|Any CPU
		Release|Any CPU = Release|Any CPU
	EndGlobalSection
	GlobalSection(ProjectConfigurationPlatforms) = postSolution
		{296C8C7C-DC28-4008-BB82-F57CFBB54DEC}.Debug|Any CPU.ActiveCfg = Debug|Any CPU
		{296C8C7C-DC28-4008-BB82-F57CFBB54DEC}.Debug|Any CPU.Build.0 = Debug|Any CPU
		{296C8C7C-DC28-4008-BB82-F57CFBB54DEC}.Release|Any CPU.ActiveCfg = Release|Any CPU
		{296C8C7C-DC28-4008-BB82-F57CFBB54DEC}.Release|Any CPU.Build.0 = Release|Any CPU
	EndGlobalSection
	GlobalSection(SolutionProperties) = preSolution
		HideSolutionNode = FALSE
	EndGlobalSection
	GlobalSection(ExtensibilityGlobals) = postSolution
		SolutionGuid = {52F5C765-C3AC-48BD-B577-F2DDC31E7570}
	EndGlobalSection
EndGlobal
